
Microsoft Visual Studio Solution File, Format Version 12.00
# Visual Studio Version 17
VisualStudioVersion = 17.4.33213.308
MinimumVisualStudioVersion = 10.0.40219.1
Project("{9A19103F-16F7-4668-BE54-9A1E7A4F7556}") = "Tests", "Tests\Tests.csproj", "{B2DB0994-2A0E-484A-9704-F9E0572A79EB}"
EndProject
Project("{9A19103F-16F7-4668-BE54-9A1E7A4F7556}") = "DesignPatterns", "DesignPatterns\DesignPatterns.csproj", "{8E806266-625A-40B4-B982-2CAD36831E3A}"
EndProject
Project("{FAE04EC0-301F-11D3-BF4B-00C04F79EFBC}") = "ConsoleAppTests", "ConsoleAppTests\ConsoleAppTests.csproj", "{96EFFA9A-2314-4F5B-8F52-3045642C1707}"
EndProject
Global
	GlobalSection(SolutionConfigurationPlatforms) = preSolution
		Debug|Any CPU = Debug|Any CPU
		Release|Any CPU = Release|Any CPU
	EndGlobalSection
	GlobalSection(ProjectConfigurationPlatforms) = postSolution
		{B2DB0994-2A0E-484A-9704-F9E0572A79EB}.Debug|Any CPU.ActiveCfg = Debug|Any CPU
		{B2DB0994-2A0E-484A-9704-F9E0572A79EB}.Debug|Any CPU.Build.0 = Debug|Any CPU
		{B2DB0994-2A0E-484A-9704-F9E0572A79EB}.Release|Any CPU.ActiveCfg = Release|Any CPU
		{B2DB0994-2A0E-484A-9704-F9E0572A79EB}.Release|Any CPU.Build.0 = Release|Any CPU
		{8E806266-625A-40B4-B982-2CAD36831E3A}.Debug|Any CPU.ActiveCfg = Debug|Any CPU
		{8E806266-625A-40B4-B982-2CAD36831E3A}.Debug|Any CPU.Build.0 = Debug|Any CPU
		{8E806266-625A-40B4-B982-2CAD36831E3A}.Release|Any CPU.ActiveCfg = Release|Any CPU
		{8E806266-625A-40B4-B982-2CAD36831E3A}.Release|Any CPU.Build.0 = Release|Any CPU
		{96EFFA9A-2314-4F5B-8F52-3045642C1707}.Debug|Any CPU.ActiveCfg = Debug|Any CPU
		{96EFFA9A-2314-4F5B-8F52-3045642C1707}.Debug|Any CPU.Build.0 = Debug|Any CPU
		{96EFFA9A-2314-4F5B-8F52-3045642C1707}.Release|Any CPU.ActiveCfg = Release|Any CPU
		{96EFFA9A-2314-4F5B-8F52-3045642C1707}.Release|Any CPU.Build.0 = Release|Any CPU
	EndGlobalSection
	GlobalSection(SolutionProperties) = preSolution
		HideSolutionNode = FALSE
	EndGlobalSection
	GlobalSection(ExtensibilityGlobals) = postSolution
		SolutionGuid = {917A74F8-AD9D-41E0-9B2E-47F6D2378EF1}
	EndGlobalSection
EndGlobal
